
Microsoft Visual Studio Solution File, Format Version 12.00
# Visual Studio Version 17
VisualStudioVersion = 17.7.34031.279
MinimumVisualStudioVersion = 10.0.40219.1
Project("{FAE04EC0-301F-11D3-BF4B-00C04F79EFBC}") = "fundamentals", "fundamentals.csproj", "{1586D436-F06C-4F53-AD46-F1E6EE52E9DD}"
EndProject
Global
	GlobalSection(SolutionConfigurationPlatforms) = preSolution
		Debug|Any CPU = Debug|Any CPU
		Release|Any CPU = Release|Any CPU
	EndGlobalSection
	GlobalSection(ProjectConfigurationPlatforms) = postSolution
		{1586D436-F06C-4F53-AD46-F1E6EE52E9DD}.Debug|Any CPU.ActiveCfg = Debug|Any CPU
		{1586D436-F06C-4F53-AD46-F1E6EE52E9DD}.Debug|Any CPU.Build.0 = Debug|Any CPU
		{1586D436-F06C-4F53-AD46-F1E6EE52E9DD}.Release|Any CPU.ActiveCfg = Release|Any CPU
		{1586D436-F06C-4F53-AD46-F1E6EE52E9DD}.Release|Any CPU.Build.0 = Release|Any CPU
	EndGlobalSection
	GlobalSection(SolutionProperties) = preSolution
		HideSolutionNode = FALSE
	EndGlobalSection
	GlobalSection(ExtensibilityGlobals) = postSolution
		SolutionGuid = {4DF01DC7-EFAD-4B79-B40D-357FBA89A75B}
	EndGlobalSection
EndGlobal
